# This file is automatically @generated by Cargo.
# It is not intended for manual editing.
version = 4

[[package]]
name = "welsib-json"
version = "0.1.0"

[[package]]
name = "welsib-random"
version = "0.1.0"

[[package]]
name = "welsib-smpc"
version = "0.1.0"
dependencies = [
 "welsib-json",
 "welsib-random",
 "welsib-tools",
 "welsib-u512",
 "welsib-u512-ec",
]

[[package]]
name = "welsib-tools"
version = "0.1.0"
dependencies = [
 "welsib-random",
 "welsib-u512",
 "welsib-u512-ec",
]

[[package]]
name = "welsib-u512"
version = "0.1.0"
dependencies = [
 "welsib-random",
]

[[package]]
name = "welsib-u512-ec"
version = "0.1.0"
dependencies = [
 "welsib-random",
 "welsib-u512",
]
